
Microsoft Visual Studio Solution File, Format Version 12.00
# Visual Studio Version 16
VisualStudioVersion = 16.0.31402.337
MinimumVisualStudioVersion = 10.0.40219.1
Project("{FAE04EC0-301F-11D3-BF4B-00C04F79EFBC}") = "SubscriptionEngine", "SubscriptionEngine.csproj", "{C067E050-0A05-479F-81FD-5F39D1168857}"
EndProject
Global
	GlobalSection(SolutionConfigurationPlatforms) = preSolution
		Debug|Any CPU = Debug|Any CPU
		Release|Any CPU = Release|Any CPU
	EndGlobalSection
	GlobalSection(ProjectConfigurationPlatforms) = postSolution
		{C067E050-0A05-479F-81FD-5F39D1168857}.Debug|Any CPU.ActiveCfg = Debug|Any CPU
		{C067E050-0A05-479F-81FD-5F39D1168857}.Debug|Any CPU.Build.0 = Debug|Any CPU
		{C067E050-0A05-479F-81FD-5F39D1168857}.Release|Any CPU.ActiveCfg = Release|Any CPU
		{C067E050-0A05-479F-81FD-5F39D1168857}.Release|Any CPU.Build.0 = Release|Any CPU
	EndGlobalSection
	GlobalSection(SolutionProperties) = preSolution
		HideSolutionNode = FALSE
	EndGlobalSection
	GlobalSection(ExtensibilityGlobals) = postSolution
		SolutionGuid = {F46E2EB2-4BD6-4F32-B1BA-9B2EB3295CF1}
	EndGlobalSection
EndGlobal
